
Microsoft Visual Studio Solution File, Format Version 12.00
# Visual Studio 2015
Project("{FAE04EC0-301F-11D3-BF4B-00C04F79EFBC}") = "FPS1.Plugins", "FPS1.Plugins.csproj", "{CC083C0E-5D25-5ADA-937A-BAED83E519CF}"
EndProject
Project("{FAE04EC0-301F-11D3-BF4B-00C04F79EFBC}") = "FPS1", "FPS1.csproj", "{3DF8A0A1-3C17-3090-B6BA-C988EBC736D5}"
EndProject
Global
	GlobalSection(SolutionConfigurationPlatforms) = preSolution
		Debug|Any CPU = Debug|Any CPU
		Release|Any CPU = Release|Any CPU
	EndGlobalSection
	GlobalSection(ProjectConfigurationPlatforms) = postSolution
		{CC083C0E-5D25-5ADA-937A-BAED83E519CF}.Debug|Any CPU.ActiveCfg = Debug|Any CPU
		{CC083C0E-5D25-5ADA-937A-BAED83E519CF}.Debug|Any CPU.Build.0 = Debug|Any CPU
		{CC083C0E-5D25-5ADA-937A-BAED83E519CF}.Release|Any CPU.ActiveCfg = Release|Any CPU
		{CC083C0E-5D25-5ADA-937A-BAED83E519CF}.Release|Any CPU.Build.0 = Release|Any CPU
		{3DF8A0A1-3C17-3090-B6BA-C988EBC736D5}.Debug|Any CPU.ActiveCfg = Debug|Any CPU
		{3DF8A0A1-3C17-3090-B6BA-C988EBC736D5}.Debug|Any CPU.Build.0 = Debug|Any CPU
		{3DF8A0A1-3C17-3090-B6BA-C988EBC736D5}.Release|Any CPU.ActiveCfg = Release|Any CPU
		{3DF8A0A1-3C17-3090-B6BA-C988EBC736D5}.Release|Any CPU.Build.0 = Release|Any CPU
	EndGlobalSection
	GlobalSection(SolutionProperties) = preSolution
		HideSolutionNode = FALSE
	EndGlobalSection
EndGlobal
