
Microsoft Visual Studio Solution File, Format Version 12.00
# Visual Studio 2015
Project("{FAE04EC0-301F-11D3-BF4B-00C04F79EFBC}") = "FPS2.Plugins", "FPS2.Plugins.csproj", "{BF32F776-7E0A-A6B5-E732-52F8EEC1C49A}"
EndProject
Project("{FAE04EC0-301F-11D3-BF4B-00C04F79EFBC}") = "FPS2", "FPS2.csproj", "{AAD706F8-8B6F-A004-E512-CA408F5CE260}"
EndProject
Project("{FAE04EC0-301F-11D3-BF4B-00C04F79EFBC}") = "FPS2.Editor.Plugins", "FPS2.Editor.Plugins.csproj", "{BEEB2AF8-45CA-91FA-D5DD-24645323DBE2}"
EndProject
Global
	GlobalSection(SolutionConfigurationPlatforms) = preSolution
		Debug|Any CPU = Debug|Any CPU
		Release|Any CPU = Release|Any CPU
	EndGlobalSection
	GlobalSection(ProjectConfigurationPlatforms) = postSolution
		{BF32F776-7E0A-A6B5-E732-52F8EEC1C49A}.Debug|Any CPU.ActiveCfg = Debug|Any CPU
		{BF32F776-7E0A-A6B5-E732-52F8EEC1C49A}.Debug|Any CPU.Build.0 = Debug|Any CPU
		{BF32F776-7E0A-A6B5-E732-52F8EEC1C49A}.Release|Any CPU.ActiveCfg = Release|Any CPU
		{BF32F776-7E0A-A6B5-E732-52F8EEC1C49A}.Release|Any CPU.Build.0 = Release|Any CPU
		{AAD706F8-8B6F-A004-E512-CA408F5CE260}.Debug|Any CPU.ActiveCfg = Debug|Any CPU
		{AAD706F8-8B6F-A004-E512-CA408F5CE260}.Debug|Any CPU.Build.0 = Debug|Any CPU
		{AAD706F8-8B6F-A004-E512-CA408F5CE260}.Release|Any CPU.ActiveCfg = Release|Any CPU
		{AAD706F8-8B6F-A004-E512-CA408F5CE260}.Release|Any CPU.Build.0 = Release|Any CPU
		{BEEB2AF8-45CA-91FA-D5DD-24645323DBE2}.Debug|Any CPU.ActiveCfg = Debug|Any CPU
		{BEEB2AF8-45CA-91FA-D5DD-24645323DBE2}.Debug|Any CPU.Build.0 = Debug|Any CPU
		{BEEB2AF8-45CA-91FA-D5DD-24645323DBE2}.Release|Any CPU.ActiveCfg = Release|Any CPU
		{BEEB2AF8-45CA-91FA-D5DD-24645323DBE2}.Release|Any CPU.Build.0 = Release|Any CPU
	EndGlobalSection
	GlobalSection(SolutionProperties) = preSolution
		HideSolutionNode = FALSE
	EndGlobalSection
EndGlobal
